// !$*UTF8*$!
{
	archiveVersion = 1;
	classes = {
	};
	objectVersion = 50;
	objects = {

/* Begin PBXBuildFile section */
		B22B2AA720A5125E000FF5B9 /* AppDelegate.swift in Sources */ = {isa = PBXBuildFile; fileRef = B22B2AA620A5125E000FF5B9 /* AppDelegate.swift */; };
		B22B2AA920A5125E000FF5B9 /* ViewController.swift in Sources */ = {isa = PBXBuildFile; fileRef = B22B2AA820A5125E000FF5B9 /* ViewController.swift */; };
		B22B2AAC20A5125E000FF5B9 /* Main.storyboard in Resources */ = {isa = PBXBuildFile; fileRef = B22B2AAA20A5125E000FF5B9 /* Main.storyboard */; };
		B22B2AAE20A5125F000FF5B9 /* Assets.xcassets in Resources */ = {isa = PBXBuildFile; fileRef = B22B2AAD20A5125F000FF5B9 /* Assets.xcassets */; };
		B22B2AB120A5125F000FF5B9 /* LaunchScreen.storyboard in Resources */ = {isa = PBXBuildFile; fileRef = B22B2AAF20A5125F000FF5B9 /* LaunchScreen.storyboard */; };
		B22B2AB920A5165B000FF5B9 /* page2.swift in Sources */ = {isa = PBXBuildFile; fileRef = B22B2AB820A5165B000FF5B9 /* page2.swift */; };
/* End PBXBuildFile section */

/* Begin PBXFileReference section */
		B22B2AA320A5125E000FF5B9 /* switch(4).app */ = {isa = PBXFileReference; explicitFileType = wrapper.application; includeInIndex = 0; path = "switch(4).app"; sourceTree = BUILT_PRODUCTS_DIR; };
		B22B2AA620A5125E000FF5B9 /* AppDelegate.swift */ = {isa = PBXFileReference; lastKnownFileType = sourcecode.swift; path = AppDelegate.swift; sourceTree = "<group>"; };
		B22B2AA820A5125E000FF5B9 /* ViewController.swift */ = {isa = PBXFileReference; lastKnownFileType = sourcecode.swift; path = ViewController.swift; sourceTree = "<group>"; };
		B22B2AAB20A5125E000FF5B9 /* Base */ = {isa = PBXFileReference; lastKnownFileType = file.storyboard; name = Base; path = Base.lproj/Main.storyboard; sourceTree = "<group>"; };
		B22B2AAD20A5125F000FF5B9 /* Assets.xcassets */ = {isa = PBXFileReference; lastKnownFileType = folder.assetcatalog; path = Assets.xcassets; sourceTree = "<group>"; };
		B22B2AB020A5125F000FF5B9 /* Base */ = {isa = PBXFileReference; lastKnownFileType = file.storyboard; name = Base; path = Base.lproj/LaunchScreen.storyboard; sourceTree = "<group>"; };
		B22B2AB220A5125F000FF5B9 /* Info.plist */ = {isa = PBXFileReference; lastKnownFileType = text.plist.xml; path = Info.plist; sourceTree = "<group>"; };
		B22B2AB820A5165B000FF5B9 /* page2.swift */ = {isa = PBXFileReference; lastKnownFileType = sourcecode.swift; path = page2.swift; sourceTree = "<group>"; };
/* End PBXFileReference section */

/* Begin PBXFrameworksBuildPhase section */
		B22B2AA020A5125E000FF5B9 /* Frameworks */ = {
			isa = PBXFrameworksBuildPhase;
			buildActionMask = 2147483647;
			files = (
			);
			runOnlyForDeploymentPostprocessing = 0;
		};
/* End PBXFrameworksBuildPhase section */

/* Begin PBXGroup section */
		B22B2A9A20A5125E000FF5B9 = {
			isa = PBXGroup;
			children = (
				B22B2AA520A5125E000FF5B9 /* switch(4) */,
				B22B2AA420A5125E000FF5B9 /* Products */,
			);
			sourceTree = "<group>";
		};
		B22B2AA420A5125E000FF5B9 /* Products */ = {
			isa = PBXGroup;
			children = (
				B22B2AA320A5125E000FF5B9 /* switch(4).app */,
			);
			name = Products;
			sourceTree = "<group>";
		};
		B22B2AA520A5125E000FF5B9 /* switch(4) */ = {
			isa = PBXGroup;
			children = (
				B22B2AA620A5125E000FF5B9 /* AppDelegate.swift */,
				B22B2AA820A5125E000FF5B9 /* ViewController.swift */,
				B22B2AB820A5165B000FF5B9 /* page2.swift */,
				B22B2AAA20A5125E000FF5B9 /* Main.storyboard */,
				B22B2AAD20A5125F000FF5B9 /* Assets.xcassets */,
				B22B2AAF20A5125F000FF5B9 /* LaunchScreen.storyboard */,
				B22B2AB220A5125F000FF5B9 /* Info.plist */,
			);
			path = "switch(4)";
			sourceTree = "<group>";
		};
/* End PBXGroup section */

/* Begin PBXNativeTarget section */
		B22B2AA220A5125E000FF5B9 /* switch(4) */ = {
			isa = PBXNativeTarget;
			buildConfigurationList = B22B2AB520A5125F000FF5B9 /* Build configuration list for PBXNativeTarget "switch(4)" */;
			buildPhases = (
				B22B2A9F20A5125E000FF5B9 /* Sources */,
				B22B2AA020A5125E000FF5B9 /* Frameworks */,
				B22B2AA120A5125E000FF5B9 /* Resources */,
			);
			buildRules = (
			);
			dependencies = (
			);
			name = "switch(4)";
			productName = "switch(4)";
			productReference = B22B2AA320A5125E000FF5B9 /* switch(4).app */;
			productType = "com.apple.product-type.application";
		};
/* End PBXNativeTarget section */

/* Begin PBXProject section */
		B22B2A9B20A5125E000FF5B9 /* Project object */ = {
			isa = PBXProject;
			attributes = {
				LastSwiftUpdateCheck = 0930;
				LastUpgradeCheck = 0930;
				ORGANIZATIONNAME = raccoonsky;
				TargetAttributes = {
					B22B2AA220A5125E000FF5B9 = {
						CreatedOnToolsVersion = 9.3;
					};
				};
			};
			buildConfigurationList = B22B2A9E20A5125E000FF5B9 /* Build configuration list for PBXProject "switch(4)" */;
			compatibilityVersion = "Xcode 9.3";
			developmentRegion = en;
			hasScannedForEncodings = 0;
			knownRegions = (
				en,
				Base,
			);
			mainGroup = B22B2A9A20A5125E000FF5B9;
			productRefGroup = B22B2AA420A5125E000FF5B9 /* Products */;
			projectDirPath = "";
			projectRoot = "";
			targets = (
				B22B2AA220A5125E000FF5B9 /* switch(4) */,
			);
		};
/* End PBXProject section */

/* Begin PBXResourcesBuildPhase section */
		B22B2AA120A5125E000FF5B9 /* Resources */ = {
			isa = PBXResourcesBuildPhase;
			buildActionMask = 2147483647;
			files = (
				B22B2AB120A5125F000FF5B9 /* LaunchScreen.storyboard in Resources */,
				B22B2AAE20A5125F000FF5B9 /* Assets.xcassets in Resources */,
				B22B2AAC20A5125E000FF5B9 /* Main.storyboard in Resources */,
			);
			runOnlyForDeploymentPostprocessing = 0;
		};
/* End PBXResourcesBuildPhase section */

/* Begin PBXSourcesBuildPhase section */
		B22B2A9F20A5125E000FF5B9 /* Sources */ = {
			isa = PBXSourcesBuildPhase;
			buildActionMask = 2147483647;
			files = (
				B22B2AA920A5125E000FF5B9 /* ViewController.swift in Sources */,
				B22B2AA720A5125E000FF5B9 /* AppDelegate.swift in Sources */,
				B22B2AB920A5165B000FF5B9 /* page2.swift in Sources */,
			);
			runOnlyForDeploymentPostprocessing = 0;
		};
/* End PBXSourcesBuildPhase section */

/* Begin PBXVariantGroup section */
		B22B2AAA20A5125E000FF5B9 /* Main.storyboard */ = {
			isa = PBXVariantGroup;
			children = (
				B22B2AAB20A5125E000FF5B9 /* Base */,
			);
			name = Main.storyboard;
			sourceTree = "<group>";
		};
		B22B2AAF20A5125F000FF5B9 /* LaunchScreen.storyboard */ = {
			isa = PBXVariantGroup;
			children = (
				B22B2AB020A5125F000FF5B9 /* Base */,
			);
			name = LaunchScreen.storyboard;
			sourceTree = "<group>";
		};
/* End PBXVariantGroup section */

/* Begin XCBuildConfiguration section */
		B22B2AB320A5125F000FF5B9 /* Debug */ = {
			isa = XCBuildConfiguration;
			buildSettings = {
				ALWAYS_SEARCH_USER_PATHS = NO;
				CLANG_ANALYZER_NONNULL = YES;
				CLANG_ANALYZER_NUMBER_OBJECT_CONVERSION = YES_AGGRESSIVE;
				CLANG_CXX_LANGUAGE_STANDARD = "gnu++14";
				CLANG_CXX_LIBRARY = "libc++";
				CLANG_ENABLE_MODULES = YES;
				CLANG_ENABLE_OBJC_ARC = YES;
				CLANG_ENABLE_OBJC_WEAK = YES;
				CLANG_WARN_BLOCK_CAPTURE_AUTORELEASING = YES;
				CLANG_WARN_BOOL_CONVERSION = YES;
				CLANG_WARN_COMMA = YES;
				CLANG_WARN_CONSTANT_CONVERSION = YES;
				CLANG_WARN_DEPRECATED_OBJC_IMPLEMENTATIONS = YES;
				CLANG_WARN_DIRECT_OBJC_ISA_USAGE = YES_ERROR;
				CLANG_WARN_DOCUMENTATION_COMMENTS = YES;
				CLANG_WARN_EMPTY_BODY = YES;
				CLANG_WARN_ENUM_CONVERSION = YES;
				CLANG_WARN_INFINITE_RECURSION = YES;
				CLANG_WARN_INT_CONVERSION = YES;
				CLANG_WARN_NON_LITERAL_NULL_CONVERSION = YES;
				CLANG_WARN_OBJC_IMPLICIT_RETAIN_SELF = YES;
				CLANG_WARN_OBJC_LITERAL_CONVERSION = YES;
				CLANG_WARN_OBJC_ROOT_CLASS = YES_ERROR;
				CLANG_WARN_RANGE_LOOP_ANALYSIS = YES;
				CLANG_WARN_STRICT_PROTOTYPES = YES;
				CLANG_WARN_SUSPICIOUS_MOVE = YES;
				CLANG_WARN_UNGUARDED_AVAILABILITY = YES_AGGRESSIVE;
				CLANG_WARN_UNREACHABLE_CODE = YES;
				CLANG_WARN__DUPLICATE_METHOD_MATCH = YES;
				CODE_SIGN_IDENTITY = "iPhone Developer";
				COPY_PHASE_STRIP = NO;
				DEBUG_INFORMATION_FORMAT = dwarf;
				ENABLE_STRICT_OBJC_MSGSEND = YES;
				ENABLE_TESTABILITY = YES;
				GCC_C_LANGUAGE_STANDARD = gnu11;
				GCC_DYNAMIC_NO_PIC = NO;
				GCC_NO_COMMON_BLOCKS = YES;
				GCC_OPTIMIZATION_LEVEL = 0;
				GCC_PREPROCESSOR_DEFINITIONS = (
					"DEBUG=1",
					"$(inherited)",
				);
				GCC_WARN_64_TO_32_BIT_CONVERSION = YES;
				GCC_WARN_ABOUT_RETURN_TYPE = YES_ERROR;
				GCC_WARN_UNDECLARED_SELECTOR = YES;
				GCC_WARN_UNINITIALIZED_AUTOS = YES_AGGRESSIVE;
				GCC_WARN_UNUSED_FUNCTION = YES;
				GCC_WARN_UNUSED_VARIABLE = YES;
				IPHONEOS_DEPLOYMENT_TARGET = 11.3;
				MTL_ENABLE_DEBUG_INFO = YES;
				ONLY_ACTIVE_ARCH = YES;
				SDKROOT = iphoneos;
				SWIFT_ACTIVE_COMPILATION_CONDITIONS = DEBUG;
				SWIFT_OPTIMIZATION_LEVEL = "-Onone";
			};
			name = Debug;
		};
		B22B2AB420A5125F000FF5B9 /* Release */ = {
			isa = XCBuildConfiguration;
			buildSettings = {
				ALWAYS_SEARCH_USER_PATHS = NO;
				CLANG_ANALYZER_NONNULL = YES;
				CLANG_ANALYZER_NUMBER_OBJECT_CONVERSION = YES_AGGRESSIVE;
				CLANG_CXX_LANGUAGE_STANDARD = "gnu++14";
				CLANG_CXX_LIBRARY = "libc++";
				CLANG_ENABLE_MODULES = YES;
				CLANG_ENABLE_OBJC_ARC = YES;
				CLANG_ENABLE_OBJC_WEAK = YES;
				CLANG_WARN_BLOCK_CAPTURE_AUTORELEASING = YES;
				CLANG_WARN_BOOL_CONVERSION = YES;
				CLANG_WARN_COMMA = YES;
				CLANG_WARN_CONSTANT_CONVERSION = YES;
				CLANG_WARN_DEPRECATED_OBJC_IMPLEMENTATIONS = YES;
				CLANG_WARN_DIRECT_OBJC_ISA_USAGE = YES_ERROR;
				CLANG_WARN_DOCUMENTATION_COMMENTS = YES;
				CLANG_WARN_EMPTY_BODY = YES;
				CLANG_WARN_ENUM_CONVERSION = YES;
				CLANG_WARN_INFINITE_RECURSION = YES;
				CLANG_WARN_INT_CONVERSION = YES;
				CLANG_WARN_NON_LITERAL_NULL_CONVERSION = YES;
				CLANG_WARN_OBJC_IMPLICIT_RETAIN_SELF = YES;
				CLANG_WARN_OBJC_LITERAL_CONVERSION = YES;
				CLANG_WARN_OBJC_ROOT_CLASS = YES_ERROR;
				CLANG_WARN_RANGE_LOOP_ANALYSIS = YES;
				CLANG_WARN_STRICT_PROTOTYPES = YES;
				CLANG_WARN_SUSPICIOUS_MOVE = YES;
				CLANG_WARN_UNGUARDED_AVAILABILITY = YES_AGGRESSIVE;
				CLANG_WARN_UNREACHABLE_CODE = YES;
				CLANG_WARN__DUPLICATE_METHOD_MATCH = YES;
				CODE_SIGN_IDENTITY = "iPhone Developer";
				COPY_PHASE_STRIP = NO;
				DEBUG_INFORMATION_FORMAT = "dwarf-with-dsym";
				ENABLE_NS_ASSERTIONS = NO;
				ENABLE_STRICT_OBJC_MSGSEND = YES;
				GCC_C_LANGUAGE_STANDARD = gnu11;
				GCC_NO_COMMON_BLOCKS = YES;
				GCC_WARN_64_TO_32_BIT_CONVERSION = YES;
				GCC_WARN_ABOUT_RETURN_TYPE = YES_ERROR;
				GCC_WARN_UNDECLARED_SELECTOR = YES;
				GCC_WARN_UNINITIALIZED_AUTOS = YES_AGGRESSIVE;
				GCC_WARN_UNUSED_FUNCTION = YES;
				GCC_WARN_UNUSED_VARIABLE = YES;
				IPHONEOS_DEPLOYMENT_TARGET = 11.3;
				MTL_ENABLE_DEBUG_INFO = NO;
				SDKROOT = iphoneos;
				SWIFT_COMPILATION_MODE = wholemodule;
				SWIFT_OPTIMIZATION_LEVEL = "-O";
				VALIDATE_PRODUCT = YES;
			};
			name = Release;
		};
		B22B2AB620A5125F000FF5B9 /* Debug */ = {
			isa = XCBuildConfiguration;
			buildSettings = {
				ASSETCATALOG_COMPILER_APPICON_NAME = AppIcon;
				CODE_SIGN_STYLE = Automatic;
				INFOPLIST_FILE = "switch(4)/Info.plist";
				LD_RUNPATH_SEARCH_PATHS = (
					"$(inherited)",
					"@executable_path/Frameworks",
				);
				PRODUCT_BUNDLE_IDENTIFIER = "-333.switch-4-";
				PRODUCT_NAME = "$(TARGET_NAME)";
				SWIFT_VERSION = 4.0;
				TARGETED_DEVICE_FAMILY = "1,2";
			};
			name = Debug;
		};
		B22B2AB720A5125F000FF5B9 /* Release */ = {
			isa = XCBuildConfiguration;
			buildSettings = {
				ASSETCATALOG_COMPILER_APPICON_NAME = AppIcon;
				CODE_SIGN_STYLE = Automatic;
				INFOPLIST_FILE = "switch(4)/Info.plist";
				LD_RUNPATH_SEARCH_PATHS = (
					"$(inherited)",
					"@executable_path/Frameworks",
				);
				PRODUCT_BUNDLE_IDENTIFIER = "-333.switch-4-";
				PRODUCT_NAME = "$(TARGET_NAME)";
				SWIFT_VERSION = 4.0;
				TARGETED_DEVICE_FAMILY = "1,2";
			};
			name = Release;
		};
/* End XCBuildConfiguration section */

/* Begin XCConfigurationList section */
		B22B2A9E20A5125E000FF5B9 /* Build configuration list for PBXProject "switch(4)" */ = {
			isa = XCConfigurationList;
			buildConfigurations = (
				B22B2AB320A5125F000FF5B9 /* Debug */,
				B22B2AB420A5125F000FF5B9 /* Release */,
			);
			defaultConfigurationIsVisible = 0;
			defaultConfigurationName = Release;
		};
		B22B2AB520A5125F000FF5B9 /* Build configuration list for PBXNativeTarget "switch(4)" */ = {
			isa = XCConfigurationList;
			buildConfigurations = (
				B22B2AB620A5125F000FF5B9 /* Debug */,
				B22B2AB720A5125F000FF5B9 /* Release */,
			);
			defaultConfigurationIsVisible = 0;
			defaultConfigurationName = Release;
		};
/* End XCConfigurationList section */
	};
	rootObject = B22B2A9B20A5125E000FF5B9 /* Project object */;
}
